<?xml version="1.0" encoding="utf-8"?>
<Project ToolsVersion="15.0" xmlns="http://schemas.microsoft.com/developer/msbuild/2003">
  <ItemGroup>
    <CustomBuild Include="C:\Development\op3d_active\nghttp2-1.39.1\msvc\CMakeFiles\25127cde1da72cd096ad4d1bdb90ad38\README.rst.rule">
      <Filter>CMake Rules</Filter>
    </CustomBuild>
    <CustomBuild Include="C:\Development\op3d_active\nghttp2-1.39.1\msvc\CMakeFiles\25127cde1da72cd096ad4d1bdb90ad38\programmers-guide.rst.rule">
      <Filter>CMake Rules</Filter>
    </CustomBuild>
    <CustomBuild Include="C:\Development\op3d_active\nghttp2-1.39.1\msvc\CMakeFiles\25127cde1da72cd096ad4d1bdb90ad38\nghttp.1.rst.rule">
      <Filter>CMake Rules</Filter>
    </CustomBuild>
    <CustomBuild Include="C:\Development\op3d_active\nghttp2-1.39.1\msvc\CMakeFiles\25127cde1da72cd096ad4d1bdb90ad38\nghttpd.1.rst.rule">
      <Filter>CMake Rules</Filter>
    </CustomBuild>
    <CustomBuild Include="C:\Development\op3d_active\nghttp2-1.39.1\msvc\CMakeFiles\25127cde1da72cd096ad4d1bdb90ad38\nghttpx.1.rst.rule">
      <Filter>CMake Rules</Filter>
    </CustomBuild>
    <CustomBuild Include="C:\Development\op3d_active\nghttp2-1.39.1\msvc\CMakeFiles\25127cde1da72cd096ad4d1bdb90ad38\h2load.1.rst.rule">
      <Filter>CMake Rules</Filter>
    </CustomBuild>
    <CustomBuild Include="C:\Development\op3d_active\nghttp2-1.39.1\msvc\CMakeFiles\25127cde1da72cd096ad4d1bdb90ad38\apiref.rst.rule">
      <Filter>CMake Rules</Filter>
    </CustomBuild>
    <CustomBuild Include="C:\Development\op3d_active\nghttp2-1.39.1\msvc\CMakeFiles\25c0193d92835d68ab53bfbe85517c73\htmlhelp.rule">
      <Filter>CMake Rules</Filter>
    </CustomBuild>
    <CustomBuild Include="C:\Development\op3d_active\nghttp2-1.39.1\doc\CMakeLists.txt" />
  </ItemGroup>
  <ItemGroup>
    <None Include="C:\Development\op3d_active\nghttp2-1.39.1\msvc\doc\CMakeFiles\htmlhelp" />
  </ItemGroup>
  <ItemGroup>
    <Filter Include="CMake Rules">
      <UniqueIdentifier>{FAE32943-2BCD-384C-82EF-7037092A159B}</UniqueIdentifier>
    </Filter>
  </ItemGroup>
</Project>
