<?xml version="1.0" encoding="utf-8"?>
<Project ToolsVersion="15.0" xmlns="http://schemas.microsoft.com/developer/msbuild/2003">
  <ItemGroup>
    <CustomBuild Include="C:\Development\op3d_active\nghttp2-1.39.1\msvc\CMakeFiles\dfef0f5f73a15d0f3cdb701902473b6a\INSTALL_force.rule">
      <Filter>CMake Rules</Filter>
    </CustomBuild>
  </ItemGroup>
  <ItemGroup>
    <Filter Include="CMake Rules">
      <UniqueIdentifier>{FAE32943-2BCD-384C-82EF-7037092A159B}</UniqueIdentifier>
    </Filter>
  </ItemGroup>
</Project>
